
Microsoft Visual Studio Solution File, Format Version 12.00
# Visual Studio Version 17
VisualStudioVersion = 17.3.32922.545
MinimumVisualStudioVersion = 10.0.40219.1
Project("{FAE04EC0-301F-11D3-BF4B-00C04F79EFBC}") = "OracleBackend", "OracleBackend\OracleBackend.csproj", "{3663C592-2774-40F2-A910-D6A97CEAE69A}"
EndProject
Global
	GlobalSection(SolutionConfigurationPlatforms) = preSolution
		Debug|Any CPU = Debug|Any CPU
		Release|Any CPU = Release|Any CPU
	EndGlobalSection
	GlobalSection(ProjectConfigurationPlatforms) = postSolution
		{3663C592-2774-40F2-A910-D6A97CEAE69A}.Debug|Any CPU.ActiveCfg = Debug|Any CPU
		{3663C592-2774-40F2-A910-D6A97CEAE69A}.Debug|Any CPU.Build.0 = Debug|Any CPU
		{3663C592-2774-40F2-A910-D6A97CEAE69A}.Release|Any CPU.ActiveCfg = Release|Any CPU
		{3663C592-2774-40F2-A910-D6A97CEAE69A}.Release|Any CPU.Build.0 = Release|Any CPU
	EndGlobalSection
	GlobalSection(SolutionProperties) = preSolution
		HideSolutionNode = FALSE
	EndGlobalSection
	GlobalSection(ExtensibilityGlobals) = postSolution
		SolutionGuid = {C94136E1-A3C0-4403-A8CA-448F67BE9408}
	EndGlobalSection
EndGlobal
